
Microsoft Visual Studio Solution File, Format Version 12.00
# Visual Studio Version 17
VisualStudioVersion = 17.3.32922.545
MinimumVisualStudioVersion = 10.0.40219.1
Project("{FAE04EC0-301F-11D3-BF4B-00C04F79EFBC}") = "TaskEtkinlik.Core", "TaskEtkinlik.Core\TaskEtkinlik.Core.csproj", "{CD1E0862-7017-4080-AFFE-D14270114FB4}"
EndProject
Project("{FAE04EC0-301F-11D3-BF4B-00C04F79EFBC}") = "TaskEtkinlik.Repository", "TaskEtkinlik.Repository\TaskEtkinlik.Repository.csproj", "{D1490C00-6EEE-4841-B04A-42D71C2DEEF2}"
EndProject
Project("{FAE04EC0-301F-11D3-BF4B-00C04F79EFBC}") = "TaskEtkinlik.Service", "TaskEtkinlik.Service\TaskEtkinlik.Service.csproj", "{B9E1085A-D746-4862-8F3E-04B059BFE652}"
EndProject
Project("{FAE04EC0-301F-11D3-BF4B-00C04F79EFBC}") = "TaskEtkinlik.Api", "TaskEtkinlik.Api\TaskEtkinlik.Api.csproj", "{E379D130-87B8-44E6-A4B9-506A5F02E0DD}"
EndProject
Project("{FAE04EC0-301F-11D3-BF4B-00C04F79EFBC}") = "TaskEtkinlik.Web", "TaskEtkinlik.Web\TaskEtkinlik.Web.csproj", "{B807C9A1-4157-4613-8C86-ECC6C01C31E8}"
EndProject
Global
	GlobalSection(SolutionConfigurationPlatforms) = preSolution
		Debug|Any CPU = Debug|Any CPU
		Release|Any CPU = Release|Any CPU
	EndGlobalSection
	GlobalSection(ProjectConfigurationPlatforms) = postSolution
		{CD1E0862-7017-4080-AFFE-D14270114FB4}.Debug|Any CPU.ActiveCfg = Debug|Any CPU
		{CD1E0862-7017-4080-AFFE-D14270114FB4}.Debug|Any CPU.Build.0 = Debug|Any CPU
		{CD1E0862-7017-4080-AFFE-D14270114FB4}.Release|Any CPU.ActiveCfg = Release|Any CPU
		{CD1E0862-7017-4080-AFFE-D14270114FB4}.Release|Any CPU.Build.0 = Release|Any CPU
		{D1490C00-6EEE-4841-B04A-42D71C2DEEF2}.Debug|Any CPU.ActiveCfg = Debug|Any CPU
		{D1490C00-6EEE-4841-B04A-42D71C2DEEF2}.Debug|Any CPU.Build.0 = Debug|Any CPU
		{D1490C00-6EEE-4841-B04A-42D71C2DEEF2}.Release|Any CPU.ActiveCfg = Release|Any CPU
		{D1490C00-6EEE-4841-B04A-42D71C2DEEF2}.Release|Any CPU.Build.0 = Release|Any CPU
		{B9E1085A-D746-4862-8F3E-04B059BFE652}.Debug|Any CPU.ActiveCfg = Debug|Any CPU
		{B9E1085A-D746-4862-8F3E-04B059BFE652}.Debug|Any CPU.Build.0 = Debug|Any CPU
		{B9E1085A-D746-4862-8F3E-04B059BFE652}.Release|Any CPU.ActiveCfg = Release|Any CPU
		{B9E1085A-D746-4862-8F3E-04B059BFE652}.Release|Any CPU.Build.0 = Release|Any CPU
		{E379D130-87B8-44E6-A4B9-506A5F02E0DD}.Debug|Any CPU.ActiveCfg = Debug|Any CPU
		{E379D130-87B8-44E6-A4B9-506A5F02E0DD}.Debug|Any CPU.Build.0 = Debug|Any CPU
		{E379D130-87B8-44E6-A4B9-506A5F02E0DD}.Release|Any CPU.ActiveCfg = Release|Any CPU
		{E379D130-87B8-44E6-A4B9-506A5F02E0DD}.Release|Any CPU.Build.0 = Release|Any CPU
		{B807C9A1-4157-4613-8C86-ECC6C01C31E8}.Debug|Any CPU.ActiveCfg = Debug|Any CPU
		{B807C9A1-4157-4613-8C86-ECC6C01C31E8}.Debug|Any CPU.Build.0 = Debug|Any CPU
		{B807C9A1-4157-4613-8C86-ECC6C01C31E8}.Release|Any CPU.ActiveCfg = Release|Any CPU
		{B807C9A1-4157-4613-8C86-ECC6C01C31E8}.Release|Any CPU.Build.0 = Release|Any CPU
	EndGlobalSection
	GlobalSection(SolutionProperties) = preSolution
		HideSolutionNode = FALSE
	EndGlobalSection
	GlobalSection(ExtensibilityGlobals) = postSolution
		SolutionGuid = {F1ABA2C7-C497-4AAA-8EF6-13314C11B32F}
	EndGlobalSection
EndGlobal
